// !$*UTF8*$!
{
	archiveVersion = 1;
	classes = {
	};
	objectVersion = 77;
	objects = {

/* Begin PBXBuildFile section */
		C14638082E01382B003F49B3 /* RxCocoa in Frameworks */ = {isa = PBXBuildFile; productRef = C14638072E01382B003F49B3 /* RxCocoa */; };
		C146380A2E01382B003F49B3 /* RxRelay in Frameworks */ = {isa = PBXBuildFile; productRef = C14638092E01382B003F49B3 /* RxRelay */; };
		C146380C2E01382B003F49B3 /* RxSwift in Frameworks */ = {isa = PBXBuildFile; productRef = C146380B2E01382B003F49B3 /* RxSwift */; };
		C146380F2E013834003F49B3 /* ReactorKit in Frameworks */ = {isa = PBXBuildFile; productRef = C146380E2E013834003F49B3 /* ReactorKit */; };
		C14638122E01383C003F49B3 /* FSCalendar in Frameworks */ = {isa = PBXBuildFile; productRef = C14638112E01383C003F49B3 /* FSCalendar */; };
		C14638152E013852003F49B3 /* GoogleAPIClientForRESTCore in Frameworks */ = {isa = PBXBuildFile; productRef = C14638142E013852003F49B3 /* GoogleAPIClientForRESTCore */; };
		C14638172E013852003F49B3 /* GoogleAPIClientForREST_Calendar in Frameworks */ = {isa = PBXBuildFile; productRef = C14638162E013852003F49B3 /* GoogleAPIClientForREST_Calendar */; };
		C146381A2E01385B003F49B3 /* RxFlow in Frameworks */ = {isa = PBXBuildFile; productRef = C14638192E01385B003F49B3 /* RxFlow */; };
		C146381D2E01386F003F49B3 /* GoogleSignIn in Frameworks */ = {isa = PBXBuildFile; productRef = C146381C2E01386F003F49B3 /* GoogleSignIn */; };
		C146381F2E01386F003F49B3 /* GoogleSignInSwift in Frameworks */ = {isa = PBXBuildFile; productRef = C146381E2E01386F003F49B3 /* GoogleSignInSwift */; };
		C167276B2DFA512B00E3632A /* Todo.md in Resources */ = {isa = PBXBuildFile; fileRef = C167276A2DFA512B00E3632A /* Todo.md */; };
/* End PBXBuildFile section */

/* Begin PBXFileReference section */
		C167276A2DFA512B00E3632A /* Todo.md */ = {isa = PBXFileReference; lastKnownFileType = net.daringfireball.markdown; path = Todo.md; sourceTree = "<group>"; };
		C1FD8D942DF97A18005711EC /* Meet_pilot.app */ = {isa = PBXFileReference; explicitFileType = wrapper.application; includeInIndex = 0; path = Meet_pilot.app; sourceTree = BUILT_PRODUCTS_DIR; };
/* End PBXFileReference section */

/* Begin PBXFileSystemSynchronizedBuildFileExceptionSet section */
		C1FD8DA62DF97A18005711EC /* Exceptions for "Meet_pilot" folder in "Meet_pilot" target */ = {
			isa = PBXFileSystemSynchronizedBuildFileExceptionSet;
			membershipExceptions = (
				Info.plist,
			);
			target = C1FD8D932DF97A18005711EC /* Meet_pilot */;
		};
/* End PBXFileSystemSynchronizedBuildFileExceptionSet section */

/* Begin PBXFileSystemSynchronizedRootGroup section */
		C1FD8D962DF97A18005711EC /* Meet_pilot */ = {
			isa = PBXFileSystemSynchronizedRootGroup;
			exceptions = (
				C1FD8DA62DF97A18005711EC /* Exceptions for "Meet_pilot" folder in "Meet_pilot" target */,
			);
			path = Meet_pilot;
			sourceTree = "<group>";
		};
/* End PBXFileSystemSynchronizedRootGroup section */

/* Begin PBXFrameworksBuildPhase section */
		C1FD8D912DF97A18005711EC /* Frameworks */ = {
			isa = PBXFrameworksBuildPhase;
			buildActionMask = 2147483647;
			files = (
				C146381A2E01385B003F49B3 /* RxFlow in Frameworks */,
				C146380C2E01382B003F49B3 /* RxSwift in Frameworks */,
				C14638172E013852003F49B3 /* GoogleAPIClientForREST_Calendar in Frameworks */,
				C146380A2E01382B003F49B3 /* RxRelay in Frameworks */,
				C146380F2E013834003F49B3 /* ReactorKit in Frameworks */,
				C146381F2E01386F003F49B3 /* GoogleSignInSwift in Frameworks */,
				C14638122E01383C003F49B3 /* FSCalendar in Frameworks */,
				C14638152E013852003F49B3 /* GoogleAPIClientForRESTCore in Frameworks */,
				C14638082E01382B003F49B3 /* RxCocoa in Frameworks */,
				C146381D2E01386F003F49B3 /* GoogleSignIn in Frameworks */,
			);
			runOnlyForDeploymentPostprocessing = 0;
		};
/* End PBXFrameworksBuildPhase section */

/* Begin PBXGroup section */
		C1FD8D8B2DF97A18005711EC = {
			isa = PBXGroup;
			children = (
				C167276A2DFA512B00E3632A /* Todo.md */,
				C1FD8D962DF97A18005711EC /* Meet_pilot */,
				C1FD8D952DF97A18005711EC /* Products */,
			);
			sourceTree = "<group>";
		};
		C1FD8D952DF97A18005711EC /* Products */ = {
			isa = PBXGroup;
			children = (
				C1FD8D942DF97A18005711EC /* Meet_pilot.app */,
			);
			name = Products;
			sourceTree = "<group>";
		};
/* End PBXGroup section */

/* Begin PBXNativeTarget section */
		C1FD8D932DF97A18005711EC /* Meet_pilot */ = {
			isa = PBXNativeTarget;
			buildConfigurationList = C1FD8DA72DF97A18005711EC /* Build configuration list for PBXNativeTarget "Meet_pilot" */;
			buildPhases = (
				C1FD8D902DF97A18005711EC /* Sources */,
				C1FD8D912DF97A18005711EC /* Frameworks */,
				C1FD8D922DF97A18005711EC /* Resources */,
			);
			buildRules = (
			);
			dependencies = (
			);
			fileSystemSynchronizedGroups = (
				C1FD8D962DF97A18005711EC /* Meet_pilot */,
			);
			name = Meet_pilot;
			packageProductDependencies = (
				C14638072E01382B003F49B3 /* RxCocoa */,
				C14638092E01382B003F49B3 /* RxRelay */,
				C146380B2E01382B003F49B3 /* RxSwift */,
				C146380E2E013834003F49B3 /* ReactorKit */,
				C14638112E01383C003F49B3 /* FSCalendar */,
				C14638142E013852003F49B3 /* GoogleAPIClientForRESTCore */,
				C14638162E013852003F49B3 /* GoogleAPIClientForREST_Calendar */,
				C14638192E01385B003F49B3 /* RxFlow */,
				C146381C2E01386F003F49B3 /* GoogleSignIn */,
				C146381E2E01386F003F49B3 /* GoogleSignInSwift */,
			);
			productName = Meet_pilot;
			productReference = C1FD8D942DF97A18005711EC /* Meet_pilot.app */;
			productType = "com.apple.product-type.application";
		};
/* End PBXNativeTarget section */

/* Begin PBXProject section */
		C1FD8D8C2DF97A18005711EC /* Project object */ = {
			isa = PBXProject;
			attributes = {
				BuildIndependentTargetsInParallel = 1;
				LastSwiftUpdateCheck = 1640;
				LastUpgradeCheck = 1640;
				TargetAttributes = {
					C1FD8D932DF97A18005711EC = {
						CreatedOnToolsVersion = 16.4;
					};
				};
			};
			buildConfigurationList = C1FD8D8F2DF97A18005711EC /* Build configuration list for PBXProject "Meet_pilot" */;
			developmentRegion = en;
			hasScannedForEncodings = 0;
			knownRegions = (
				en,
				Base,
			);
			mainGroup = C1FD8D8B2DF97A18005711EC;
			minimizedProjectReferenceProxies = 1;
			packageReferences = (
				C14638062E01382B003F49B3 /* XCRemoteSwiftPackageReference "RxSwift" */,
				C146380D2E013834003F49B3 /* XCRemoteSwiftPackageReference "ReactorKit" */,
				C14638102E01383C003F49B3 /* XCRemoteSwiftPackageReference "FSCalendar" */,
				C14638132E013852003F49B3 /* XCRemoteSwiftPackageReference "google-api-objectivec-client-for-rest" */,
				C14638182E01385B003F49B3 /* XCRemoteSwiftPackageReference "RxFlow" */,
				C146381B2E01386F003F49B3 /* XCRemoteSwiftPackageReference "GoogleSignIn-iOS" */,
			);
			preferredProjectObjectVersion = 77;
			productRefGroup = C1FD8D952DF97A18005711EC /* Products */;
			projectDirPath = "";
			projectRoot = "";
			targets = (
				C1FD8D932DF97A18005711EC /* Meet_pilot */,
			);
		};
/* End PBXProject section */

/* Begin PBXResourcesBuildPhase section */
		C1FD8D922DF97A18005711EC /* Resources */ = {
			isa = PBXResourcesBuildPhase;
			buildActionMask = 2147483647;
			files = (
				C167276B2DFA512B00E3632A /* Todo.md in Resources */,
			);
			runOnlyForDeploymentPostprocessing = 0;
		};
/* End PBXResourcesBuildPhase section */

/* Begin PBXSourcesBuildPhase section */
		C1FD8D902DF97A18005711EC /* Sources */ = {
			isa = PBXSourcesBuildPhase;
			buildActionMask = 2147483647;
			files = (
			);
			runOnlyForDeploymentPostprocessing = 0;
		};
/* End PBXSourcesBuildPhase section */

/* Begin XCBuildConfiguration section */
		C1FD8DA82DF97A18005711EC /* Debug */ = {
			isa = XCBuildConfiguration;
			buildSettings = {
				ASSETCATALOG_COMPILER_APPICON_NAME = AppIcon;
				ASSETCATALOG_COMPILER_GLOBAL_ACCENT_COLOR_NAME = AccentColor;
				CODE_SIGN_STYLE = Manual;
				CURRENT_PROJECT_VERSION = 1;
				DEVELOPMENT_TEAM = "";
				GENERATE_INFOPLIST_FILE = YES;
				INFOPLIST_FILE = Meet_pilot/Info.plist;
				INFOPLIST_KEY_UIApplicationSupportsIndirectInputEvents = YES;
				INFOPLIST_KEY_UILaunchStoryboardName = LaunchScreen;
				INFOPLIST_KEY_UIMainStoryboardFile = "";
				INFOPLIST_KEY_UISupportedInterfaceOrientations = UIInterfaceOrientationPortrait;
				INFOPLIST_KEY_UISupportedInterfaceOrientations_iPad = "UIInterfaceOrientationLandscapeLeft UIInterfaceOrientationLandscapeRight UIInterfaceOrientationPortrait UIInterfaceOrientationPortraitUpsideDown";
				IPHONEOS_DEPLOYMENT_TARGET = 15.6;
				LD_RUNPATH_SEARCH_PATHS = (
					"$(inherited)",
					"@executable_path/Frameworks",
				);
				MARKETING_VERSION = 1.0;
				PRODUCT_BUNDLE_IDENTIFIER = com.example.googlecalendartest01;
				PRODUCT_NAME = "$(TARGET_NAME)";
				PROVISIONING_PROFILE_SPECIFIER = "";
				SUPPORTED_PLATFORMS = "iphoneos iphonesimulator";
				SUPPORTS_MACCATALYST = NO;
				SUPPORTS_MAC_DESIGNED_FOR_IPHONE_IPAD = NO;
				SUPPORTS_XR_DESIGNED_FOR_IPHONE_IPAD = NO;
				SWIFT_EMIT_LOC_STRINGS = YES;
				SWIFT_VERSION = 5.0;
				TARGETED_DEVICE_FAMILY = 1;
			};
			name = Debug;
		};
		C1FD8DA92DF97A18005711EC /* Release */ = {
			isa = XCBuildConfiguration;
			buildSettings = {
				ASSETCATALOG_COMPILER_APPICON_NAME = AppIcon;
				ASSETCATALOG_COMPILER_GLOBAL_ACCENT_COLOR_NAME = AccentColor;
				CODE_SIGN_STYLE = Manual;
				CURRENT_PROJECT_VERSION = 1;
				DEVELOPMENT_TEAM = "";
				GENERATE_INFOPLIST_FILE = YES;
				INFOPLIST_FILE = Meet_pilot/Info.plist;
				INFOPLIST_KEY_UIApplicationSupportsIndirectInputEvents = YES;
				INFOPLIST_KEY_UILaunchStoryboardName = LaunchScreen;
				INFOPLIST_KEY_UIMainStoryboardFile = "";
				INFOPLIST_KEY_UISupportedInterfaceOrientations = UIInterfaceOrientationPortrait;
				INFOPLIST_KEY_UISupportedInterfaceOrientations_iPad = "UIInterfaceOrientationLandscapeLeft UIInterfaceOrientationLandscapeRight UIInterfaceOrientationPortrait UIInterfaceOrientationPortraitUpsideDown";
				IPHONEOS_DEPLOYMENT_TARGET = 15.6;
				LD_RUNPATH_SEARCH_PATHS = (
					"$(inherited)",
					"@executable_path/Frameworks",
				);
				MARKETING_VERSION = 1.0;
				PRODUCT_BUNDLE_IDENTIFIER = com.example.googlecalendartest01;
				PRODUCT_NAME = "$(TARGET_NAME)";
				PROVISIONING_PROFILE_SPECIFIER = "";
				SUPPORTED_PLATFORMS = "iphoneos iphonesimulator";
				SUPPORTS_MACCATALYST = NO;
				SUPPORTS_MAC_DESIGNED_FOR_IPHONE_IPAD = NO;
				SUPPORTS_XR_DESIGNED_FOR_IPHONE_IPAD = NO;
				SWIFT_EMIT_LOC_STRINGS = YES;
				SWIFT_VERSION = 5.0;
				TARGETED_DEVICE_FAMILY = 1;
			};
			name = Release;
		};
		C1FD8DAA2DF97A18005711EC /* Debug */ = {
			isa = XCBuildConfiguration;
			buildSettings = {
				ALWAYS_SEARCH_USER_PATHS = NO;
				ASSETCATALOG_COMPILER_GENERATE_SWIFT_ASSET_SYMBOL_EXTENSIONS = YES;
				CLANG_ANALYZER_NONNULL = YES;
				CLANG_ANALYZER_NUMBER_OBJECT_CONVERSION = YES_AGGRESSIVE;
				CLANG_CXX_LANGUAGE_STANDARD = "gnu++20";
				CLANG_ENABLE_MODULES = YES;
				CLANG_ENABLE_OBJC_ARC = YES;
				CLANG_ENABLE_OBJC_WEAK = YES;
				CLANG_WARN_BLOCK_CAPTURE_AUTORELEASING = YES;
				CLANG_WARN_BOOL_CONVERSION = YES;
				CLANG_WARN_COMMA = YES;
				CLANG_WARN_CONSTANT_CONVERSION = YES;
				CLANG_WARN_DEPRECATED_OBJC_IMPLEMENTATIONS = YES;
				CLANG_WARN_DIRECT_OBJC_ISA_USAGE = YES_ERROR;
				CLANG_WARN_DOCUMENTATION_COMMENTS = YES;
				CLANG_WARN_EMPTY_BODY = YES;
				CLANG_WARN_ENUM_CONVERSION = YES;
				CLANG_WARN_INFINITE_RECURSION = YES;
				CLANG_WARN_INT_CONVERSION = YES;
				CLANG_WARN_NON_LITERAL_NULL_CONVERSION = YES;
				CLANG_WARN_OBJC_IMPLICIT_RETAIN_SELF = YES;
				CLANG_WARN_OBJC_LITERAL_CONVERSION = YES;
				CLANG_WARN_OBJC_ROOT_CLASS = YES_ERROR;
				CLANG_WARN_QUOTED_INCLUDE_IN_FRAMEWORK_HEADER = YES;
				CLANG_WARN_RANGE_LOOP_ANALYSIS = YES;
				CLANG_WARN_STRICT_PROTOTYPES = YES;
				CLANG_WARN_SUSPICIOUS_MOVE = YES;
				CLANG_WARN_UNGUARDED_AVAILABILITY = YES_AGGRESSIVE;
				CLANG_WARN_UNREACHABLE_CODE = YES;
				CLANG_WARN__DUPLICATE_METHOD_MATCH = YES;
				COPY_PHASE_STRIP = NO;
				DEBUG_INFORMATION_FORMAT = dwarf;
				ENABLE_STRICT_OBJC_MSGSEND = YES;
				ENABLE_TESTABILITY = YES;
				ENABLE_USER_SCRIPT_SANDBOXING = YES;
				GCC_C_LANGUAGE_STANDARD = gnu17;
				GCC_DYNAMIC_NO_PIC = NO;
				GCC_NO_COMMON_BLOCKS = YES;
				GCC_OPTIMIZATION_LEVEL = 0;
				GCC_PREPROCESSOR_DEFINITIONS = (
					"DEBUG=1",
					"$(inherited)",
				);
				GCC_WARN_64_TO_32_BIT_CONVERSION = YES;
				GCC_WARN_ABOUT_RETURN_TYPE = YES_ERROR;
				GCC_WARN_UNDECLARED_SELECTOR = YES;
				GCC_WARN_UNINITIALIZED_AUTOS = YES_AGGRESSIVE;
				GCC_WARN_UNUSED_FUNCTION = YES;
				GCC_WARN_UNUSED_VARIABLE = YES;
				IPHONEOS_DEPLOYMENT_TARGET = 18.5;
				LOCALIZATION_PREFERS_STRING_CATALOGS = YES;
				MTL_ENABLE_DEBUG_INFO = INCLUDE_SOURCE;
				MTL_FAST_MATH = YES;
				ONLY_ACTIVE_ARCH = YES;
				SDKROOT = iphoneos;
				SWIFT_ACTIVE_COMPILATION_CONDITIONS = "DEBUG $(inherited)";
				SWIFT_OPTIMIZATION_LEVEL = "-Onone";
			};
			name = Debug;
		};
		C1FD8DAB2DF97A18005711EC /* Release */ = {
			isa = XCBuildConfiguration;
			buildSettings = {
				ALWAYS_SEARCH_USER_PATHS = NO;
				ASSETCATALOG_COMPILER_GENERATE_SWIFT_ASSET_SYMBOL_EXTENSIONS = YES;
				CLANG_ANALYZER_NONNULL = YES;
				CLANG_ANALYZER_NUMBER_OBJECT_CONVERSION = YES_AGGRESSIVE;
				CLANG_CXX_LANGUAGE_STANDARD = "gnu++20";
				CLANG_ENABLE_MODULES = YES;
				CLANG_ENABLE_OBJC_ARC = YES;
				CLANG_ENABLE_OBJC_WEAK = YES;
				CLANG_WARN_BLOCK_CAPTURE_AUTORELEASING = YES;
				CLANG_WARN_BOOL_CONVERSION = YES;
				CLANG_WARN_COMMA = YES;
				CLANG_WARN_CONSTANT_CONVERSION = YES;
				CLANG_WARN_DEPRECATED_OBJC_IMPLEMENTATIONS = YES;
				CLANG_WARN_DIRECT_OBJC_ISA_USAGE = YES_ERROR;
				CLANG_WARN_DOCUMENTATION_COMMENTS = YES;
				CLANG_WARN_EMPTY_BODY = YES;
				CLANG_WARN_ENUM_CONVERSION = YES;
				CLANG_WARN_INFINITE_RECURSION = YES;
				CLANG_WARN_INT_CONVERSION = YES;
				CLANG_WARN_NON_LITERAL_NULL_CONVERSION = YES;
				CLANG_WARN_OBJC_IMPLICIT_RETAIN_SELF = YES;
				CLANG_WARN_OBJC_LITERAL_CONVERSION = YES;
				CLANG_WARN_OBJC_ROOT_CLASS = YES_ERROR;
				CLANG_WARN_QUOTED_INCLUDE_IN_FRAMEWORK_HEADER = YES;
				CLANG_WARN_RANGE_LOOP_ANALYSIS = YES;
				CLANG_WARN_STRICT_PROTOTYPES = YES;
				CLANG_WARN_SUSPICIOUS_MOVE = YES;
				CLANG_WARN_UNGUARDED_AVAILABILITY = YES_AGGRESSIVE;
				CLANG_WARN_UNREACHABLE_CODE = YES;
				CLANG_WARN__DUPLICATE_METHOD_MATCH = YES;
				COPY_PHASE_STRIP = NO;
				DEBUG_INFORMATION_FORMAT = "dwarf-with-dsym";
				ENABLE_NS_ASSERTIONS = NO;
				ENABLE_STRICT_OBJC_MSGSEND = YES;
				ENABLE_USER_SCRIPT_SANDBOXING = YES;
				GCC_C_LANGUAGE_STANDARD = gnu17;
				GCC_NO_COMMON_BLOCKS = YES;
				GCC_WARN_64_TO_32_BIT_CONVERSION = YES;
				GCC_WARN_ABOUT_RETURN_TYPE = YES_ERROR;
				GCC_WARN_UNDECLARED_SELECTOR = YES;
				GCC_WARN_UNINITIALIZED_AUTOS = YES_AGGRESSIVE;
				GCC_WARN_UNUSED_FUNCTION = YES;
				GCC_WARN_UNUSED_VARIABLE = YES;
				IPHONEOS_DEPLOYMENT_TARGET = 18.5;
				LOCALIZATION_PREFERS_STRING_CATALOGS = YES;
				MTL_ENABLE_DEBUG_INFO = NO;
				MTL_FAST_MATH = YES;
				SDKROOT = iphoneos;
				SWIFT_COMPILATION_MODE = wholemodule;
				VALIDATE_PRODUCT = YES;
			};
			name = Release;
		};
/* End XCBuildConfiguration section */

/* Begin XCConfigurationList section */
		C1FD8D8F2DF97A18005711EC /* Build configuration list for PBXProject "Meet_pilot" */ = {
			isa = XCConfigurationList;
			buildConfigurations = (
				C1FD8DAA2DF97A18005711EC /* Debug */,
				C1FD8DAB2DF97A18005711EC /* Release */,
			);
			defaultConfigurationIsVisible = 0;
			defaultConfigurationName = Release;
		};
		C1FD8DA72DF97A18005711EC /* Build configuration list for PBXNativeTarget "Meet_pilot" */ = {
			isa = XCConfigurationList;
			buildConfigurations = (
				C1FD8DA82DF97A18005711EC /* Debug */,
				C1FD8DA92DF97A18005711EC /* Release */,
			);
			defaultConfigurationIsVisible = 0;
			defaultConfigurationName = Release;
		};
/* End XCConfigurationList section */

/* Begin XCRemoteSwiftPackageReference section */
		C14638062E01382B003F49B3 /* XCRemoteSwiftPackageReference "RxSwift" */ = {
			isa = XCRemoteSwiftPackageReference;
			repositoryURL = "https://github.com/ReactiveX/RxSwift";
			requirement = {
				kind = upToNextMajorVersion;
				minimumVersion = 6.9.0;
			};
		};
		C146380D2E013834003F49B3 /* XCRemoteSwiftPackageReference "ReactorKit" */ = {
			isa = XCRemoteSwiftPackageReference;
			repositoryURL = "https://github.com/ReactorKit/ReactorKit";
			requirement = {
				kind = upToNextMajorVersion;
				minimumVersion = 3.2.0;
			};
		};
		C14638102E01383C003F49B3 /* XCRemoteSwiftPackageReference "FSCalendar" */ = {
			isa = XCRemoteSwiftPackageReference;
			repositoryURL = "https://github.com/WenchaoD/FSCalendar";
			requirement = {
				kind = upToNextMajorVersion;
				minimumVersion = 2.8.4;
			};
		};
		C14638132E013852003F49B3 /* XCRemoteSwiftPackageReference "google-api-objectivec-client-for-rest" */ = {
			isa = XCRemoteSwiftPackageReference;
			repositoryURL = "https://github.com/google/google-api-objectivec-client-for-rest";
			requirement = {
				branch = main;
				kind = branch;
			};
		};
		C14638182E01385B003F49B3 /* XCRemoteSwiftPackageReference "RxFlow" */ = {
			isa = XCRemoteSwiftPackageReference;
			repositoryURL = "https://github.com/RxSwiftCommunity/RxFlow";
			requirement = {
				kind = upToNextMajorVersion;
				minimumVersion = 2.13.2;
			};
		};
		C146381B2E01386F003F49B3 /* XCRemoteSwiftPackageReference "GoogleSignIn-iOS" */ = {
			isa = XCRemoteSwiftPackageReference;
			repositoryURL = "https://github.com/google/GoogleSignIn-iOS";
			requirement = {
				kind = upToNextMajorVersion;
				minimumVersion = 8.0.0;
			};
		};
/* End XCRemoteSwiftPackageReference section */

/* Begin XCSwiftPackageProductDependency section */
		C14638072E01382B003F49B3 /* RxCocoa */ = {
			isa = XCSwiftPackageProductDependency;
			package = C14638062E01382B003F49B3 /* XCRemoteSwiftPackageReference "RxSwift" */;
			productName = RxCocoa;
		};
		C14638092E01382B003F49B3 /* RxRelay */ = {
			isa = XCSwiftPackageProductDependency;
			package = C14638062E01382B003F49B3 /* XCRemoteSwiftPackageReference "RxSwift" */;
			productName = RxRelay;
		};
		C146380B2E01382B003F49B3 /* RxSwift */ = {
			isa = XCSwiftPackageProductDependency;
			package = C14638062E01382B003F49B3 /* XCRemoteSwiftPackageReference "RxSwift" */;
			productName = RxSwift;
		};
		C146380E2E013834003F49B3 /* ReactorKit */ = {
			isa = XCSwiftPackageProductDependency;
			package = C146380D2E013834003F49B3 /* XCRemoteSwiftPackageReference "ReactorKit" */;
			productName = ReactorKit;
		};
		C14638112E01383C003F49B3 /* FSCalendar */ = {
			isa = XCSwiftPackageProductDependency;
			package = C14638102E01383C003F49B3 /* XCRemoteSwiftPackageReference "FSCalendar" */;
			productName = FSCalendar;
		};
		C14638142E013852003F49B3 /* GoogleAPIClientForRESTCore */ = {
			isa = XCSwiftPackageProductDependency;
			package = C14638132E013852003F49B3 /* XCRemoteSwiftPackageReference "google-api-objectivec-client-for-rest" */;
			productName = GoogleAPIClientForRESTCore;
		};
		C14638162E013852003F49B3 /* GoogleAPIClientForREST_Calendar */ = {
			isa = XCSwiftPackageProductDependency;
			package = C14638132E013852003F49B3 /* XCRemoteSwiftPackageReference "google-api-objectivec-client-for-rest" */;
			productName = GoogleAPIClientForREST_Calendar;
		};
		C14638192E01385B003F49B3 /* RxFlow */ = {
			isa = XCSwiftPackageProductDependency;
			package = C14638182E01385B003F49B3 /* XCRemoteSwiftPackageReference "RxFlow" */;
			productName = RxFlow;
		};
		C146381C2E01386F003F49B3 /* GoogleSignIn */ = {
			isa = XCSwiftPackageProductDependency;
			package = C146381B2E01386F003F49B3 /* XCRemoteSwiftPackageReference "GoogleSignIn-iOS" */;
			productName = GoogleSignIn;
		};
		C146381E2E01386F003F49B3 /* GoogleSignInSwift */ = {
			isa = XCSwiftPackageProductDependency;
			package = C146381B2E01386F003F49B3 /* XCRemoteSwiftPackageReference "GoogleSignIn-iOS" */;
			productName = GoogleSignInSwift;
		};
/* End XCSwiftPackageProductDependency section */
	};
	rootObject = C1FD8D8C2DF97A18005711EC /* Project object */;
}
